// !$*UTF8*$!
{
	archiveVersion = 1;
	classes = {
	};
	objectVersion = 50;
	objects = {

/* Begin PBXBuildFile section */
		2DD7C9AE21DFEFE7005FEDD5 /* AppDelegate.swift in Sources */ = {isa = PBXBuildFile; fileRef = 2DD7C9AD21DFEFE7005FEDD5 /* AppDelegate.swift */; };
		2DD7C9B021DFEFE7005FEDD5 /* ViewController.swift in Sources */ = {isa = PBXBuildFile; fileRef = 2DD7C9AF21DFEFE7005FEDD5 /* ViewController.swift */; };
		2DD7C9B321DFEFE7005FEDD5 /* Main.storyboard in Resources */ = {isa = PBXBuildFile; fileRef = 2DD7C9B121DFEFE7005FEDD5 /* Main.storyboard */; };
		2DD7C9B521DFEFE8005FEDD5 /* Assets.xcassets in Resources */ = {isa = PBXBuildFile; fileRef = 2DD7C9B421DFEFE8005FEDD5 /* Assets.xcassets */; };
		2DD7C9B821DFEFE8005FEDD5 /* LaunchScreen.storyboard in Resources */ = {isa = PBXBuildFile; fileRef = 2DD7C9B621DFEFE8005FEDD5 /* LaunchScreen.storyboard */; };
		2DD7C9C321DFEFE8005FEDD5 /* patternsTests.swift in Sources */ = {isa = PBXBuildFile; fileRef = 2DD7C9C221DFEFE8005FEDD5 /* patternsTests.swift */; };
		2DD7C9CE21DFEFE8005FEDD5 /* patternsUITests.swift in Sources */ = {isa = PBXBuildFile; fileRef = 2DD7C9CD21DFEFE8005FEDD5 /* patternsUITests.swift */; };
/* End PBXBuildFile section */

/* Begin PBXContainerItemProxy section */
		2DD7C9BF21DFEFE8005FEDD5 /* PBXContainerItemProxy */ = {
			isa = PBXContainerItemProxy;
			containerPortal = 2DD7C9A221DFEFE6005FEDD5 /* Project object */;
			proxyType = 1;
			remoteGlobalIDString = 2DD7C9A921DFEFE6005FEDD5;
			remoteInfo = patterns;
		};
		2DD7C9CA21DFEFE8005FEDD5 /* PBXContainerItemProxy */ = {
			isa = PBXContainerItemProxy;
			containerPortal = 2DD7C9A221DFEFE6005FEDD5 /* Project object */;
			proxyType = 1;
			remoteGlobalIDString = 2DD7C9A921DFEFE6005FEDD5;
			remoteInfo = patterns;
		};
/* End PBXContainerItemProxy section */

/* Begin PBXFileReference section */
		2DD7C9AA21DFEFE7005FEDD5 /* patterns.app */ = {isa = PBXFileReference; explicitFileType = wrapper.application; includeInIndex = 0; path = patterns.app; sourceTree = BUILT_PRODUCTS_DIR; };
		2DD7C9AD21DFEFE7005FEDD5 /* AppDelegate.swift */ = {isa = PBXFileReference; lastKnownFileType = sourcecode.swift; path = AppDelegate.swift; sourceTree = "<group>"; };
		2DD7C9AF21DFEFE7005FEDD5 /* ViewController.swift */ = {isa = PBXFileReference; lastKnownFileType = sourcecode.swift; path = ViewController.swift; sourceTree = "<group>"; };
		2DD7C9B221DFEFE7005FEDD5 /* Base */ = {isa = PBXFileReference; lastKnownFileType = file.storyboard; name = Base; path = Base.lproj/Main.storyboard; sourceTree = "<group>"; };
		2DD7C9B421DFEFE8005FEDD5 /* Assets.xcassets */ = {isa = PBXFileReference; lastKnownFileType = folder.assetcatalog; path = Assets.xcassets; sourceTree = "<group>"; };
		2DD7C9B721DFEFE8005FEDD5 /* Base */ = {isa = PBXFileReference; lastKnownFileType = file.storyboard; name = Base; path = Base.lproj/LaunchScreen.storyboard; sourceTree = "<group>"; };
		2DD7C9B921DFEFE8005FEDD5 /* Info.plist */ = {isa = PBXFileReference; lastKnownFileType = text.plist.xml; path = Info.plist; sourceTree = "<group>"; };
		2DD7C9BE21DFEFE8005FEDD5 /* patternsTests.xctest */ = {isa = PBXFileReference; explicitFileType = wrapper.cfbundle; includeInIndex = 0; path = patternsTests.xctest; sourceTree = BUILT_PRODUCTS_DIR; };
		2DD7C9C221DFEFE8005FEDD5 /* patternsTests.swift */ = {isa = PBXFileReference; lastKnownFileType = sourcecode.swift; path = patternsTests.swift; sourceTree = "<group>"; };
		2DD7C9C421DFEFE8005FEDD5 /* Info.plist */ = {isa = PBXFileReference; lastKnownFileType = text.plist.xml; path = Info.plist; sourceTree = "<group>"; };
		2DD7C9C921DFEFE8005FEDD5 /* patternsUITests.xctest */ = {isa = PBXFileReference; explicitFileType = wrapper.cfbundle; includeInIndex = 0; path = patternsUITests.xctest; sourceTree = BUILT_PRODUCTS_DIR; };
		2DD7C9CD21DFEFE8005FEDD5 /* patternsUITests.swift */ = {isa = PBXFileReference; lastKnownFileType = sourcecode.swift; path = patternsUITests.swift; sourceTree = "<group>"; };
		2DD7C9CF21DFEFE8005FEDD5 /* Info.plist */ = {isa = PBXFileReference; lastKnownFileType = text.plist.xml; path = Info.plist; sourceTree = "<group>"; };
/* End PBXFileReference section */

/* Begin PBXFrameworksBuildPhase section */
		2DD7C9A721DFEFE6005FEDD5 /* Frameworks */ = {
			isa = PBXFrameworksBuildPhase;
			buildActionMask = 2147483647;
			files = (
			);
			runOnlyForDeploymentPostprocessing = 0;
		};
		2DD7C9BB21DFEFE8005FEDD5 /* Frameworks */ = {
			isa = PBXFrameworksBuildPhase;
			buildActionMask = 2147483647;
			files = (
			);
			runOnlyForDeploymentPostprocessing = 0;
		};
		2DD7C9C621DFEFE8005FEDD5 /* Frameworks */ = {
			isa = PBXFrameworksBuildPhase;
			buildActionMask = 2147483647;
			files = (
			);
			runOnlyForDeploymentPostprocessing = 0;
		};
/* End PBXFrameworksBuildPhase section */

/* Begin PBXGroup section */
		2DD7C9A121DFEFE6005FEDD5 = {
			isa = PBXGroup;
			children = (
				2DD7C9AC21DFEFE7005FEDD5 /* patterns */,
				2DD7C9C121DFEFE8005FEDD5 /* patternsTests */,
				2DD7C9CC21DFEFE8005FEDD5 /* patternsUITests */,
				2DD7C9AB21DFEFE7005FEDD5 /* Products */,
			);
			sourceTree = "<group>";
		};
		2DD7C9AB21DFEFE7005FEDD5 /* Products */ = {
			isa = PBXGroup;
			children = (
				2DD7C9AA21DFEFE7005FEDD5 /* patterns.app */,
				2DD7C9BE21DFEFE8005FEDD5 /* patternsTests.xctest */,
				2DD7C9C921DFEFE8005FEDD5 /* patternsUITests.xctest */,
			);
			name = Products;
			sourceTree = "<group>";
		};
		2DD7C9AC21DFEFE7005FEDD5 /* patterns */ = {
			isa = PBXGroup;
			children = (
				2DD7C9AD21DFEFE7005FEDD5 /* AppDelegate.swift */,
				2DD7C9AF21DFEFE7005FEDD5 /* ViewController.swift */,
				2DD7C9B121DFEFE7005FEDD5 /* Main.storyboard */,
				2DD7C9B421DFEFE8005FEDD5 /* Assets.xcassets */,
				2DD7C9B621DFEFE8005FEDD5 /* LaunchScreen.storyboard */,
				2DD7C9B921DFEFE8005FEDD5 /* Info.plist */,
			);
			path = patterns;
			sourceTree = "<group>";
		};
		2DD7C9C121DFEFE8005FEDD5 /* patternsTests */ = {
			isa = PBXGroup;
			children = (
				2DD7C9C221DFEFE8005FEDD5 /* patternsTests.swift */,
				2DD7C9C421DFEFE8005FEDD5 /* Info.plist */,
			);
			path = patternsTests;
			sourceTree = "<group>";
		};
		2DD7C9CC21DFEFE8005FEDD5 /* patternsUITests */ = {
			isa = PBXGroup;
			children = (
				2DD7C9CD21DFEFE8005FEDD5 /* patternsUITests.swift */,
				2DD7C9CF21DFEFE8005FEDD5 /* Info.plist */,
			);
			path = patternsUITests;
			sourceTree = "<group>";
		};
/* End PBXGroup section */

/* Begin PBXNativeTarget section */
		2DD7C9A921DFEFE6005FEDD5 /* patterns */ = {
			isa = PBXNativeTarget;
			buildConfigurationList = 2DD7C9D221DFEFE8005FEDD5 /* Build configuration list for PBXNativeTarget "patterns" */;
			buildPhases = (
				2DD7C9A621DFEFE6005FEDD5 /* Sources */,
				2DD7C9A721DFEFE6005FEDD5 /* Frameworks */,
				2DD7C9A821DFEFE6005FEDD5 /* Resources */,
			);
			buildRules = (
			);
			dependencies = (
			);
			name = patterns;
			productName = patterns;
			productReference = 2DD7C9AA21DFEFE7005FEDD5 /* patterns.app */;
			productType = "com.apple.product-type.application";
		};
		2DD7C9BD21DFEFE8005FEDD5 /* patternsTests */ = {
			isa = PBXNativeTarget;
			buildConfigurationList = 2DD7C9D521DFEFE8005FEDD5 /* Build configuration list for PBXNativeTarget "patternsTests" */;
			buildPhases = (
				2DD7C9BA21DFEFE8005FEDD5 /* Sources */,
				2DD7C9BB21DFEFE8005FEDD5 /* Frameworks */,
				2DD7C9BC21DFEFE8005FEDD5 /* Resources */,
			);
			buildRules = (
			);
			dependencies = (
				2DD7C9C021DFEFE8005FEDD5 /* PBXTargetDependency */,
			);
			name = patternsTests;
			productName = patternsTests;
			productReference = 2DD7C9BE21DFEFE8005FEDD5 /* patternsTests.xctest */;
			productType = "com.apple.product-type.bundle.unit-test";
		};
		2DD7C9C821DFEFE8005FEDD5 /* patternsUITests */ = {
			isa = PBXNativeTarget;
			buildConfigurationList = 2DD7C9D821DFEFE8005FEDD5 /* Build configuration list for PBXNativeTarget "patternsUITests" */;
			buildPhases = (
				2DD7C9C521DFEFE8005FEDD5 /* Sources */,
				2DD7C9C621DFEFE8005FEDD5 /* Frameworks */,
				2DD7C9C721DFEFE8005FEDD5 /* Resources */,
			);
			buildRules = (
			);
			dependencies = (
				2DD7C9CB21DFEFE8005FEDD5 /* PBXTargetDependency */,
			);
			name = patternsUITests;
			productName = patternsUITests;
			productReference = 2DD7C9C921DFEFE8005FEDD5 /* patternsUITests.xctest */;
			productType = "com.apple.product-type.bundle.ui-testing";
		};
/* End PBXNativeTarget section */

/* Begin PBXProject section */
		2DD7C9A221DFEFE6005FEDD5 /* Project object */ = {
			isa = PBXProject;
			attributes = {
				LastSwiftUpdateCheck = 1010;
				LastUpgradeCheck = 1010;
				ORGANIZATIONNAME = "Oleksii Yelnykov";
				TargetAttributes = {
					2DD7C9A921DFEFE6005FEDD5 = {
						CreatedOnToolsVersion = 10.1;
					};
					2DD7C9BD21DFEFE8005FEDD5 = {
						CreatedOnToolsVersion = 10.1;
						TestTargetID = 2DD7C9A921DFEFE6005FEDD5;
					};
					2DD7C9C821DFEFE8005FEDD5 = {
						CreatedOnToolsVersion = 10.1;
						TestTargetID = 2DD7C9A921DFEFE6005FEDD5;
					};
				};
			};
			buildConfigurationList = 2DD7C9A521DFEFE6005FEDD5 /* Build configuration list for PBXProject "patterns" */;
			compatibilityVersion = "Xcode 9.3";
			developmentRegion = en;
			hasScannedForEncodings = 0;
			knownRegions = (
				en,
				Base,
			);
			mainGroup = 2DD7C9A121DFEFE6005FEDD5;
			productRefGroup = 2DD7C9AB21DFEFE7005FEDD5 /* Products */;
			projectDirPath = "";
			projectRoot = "";
			targets = (
				2DD7C9A921DFEFE6005FEDD5 /* patterns */,
				2DD7C9BD21DFEFE8005FEDD5 /* patternsTests */,
				2DD7C9C821DFEFE8005FEDD5 /* patternsUITests */,
			);
		};
/* End PBXProject section */

/* Begin PBXResourcesBuildPhase section */
		2DD7C9A821DFEFE6005FEDD5 /* Resources */ = {
			isa = PBXResourcesBuildPhase;
			buildActionMask = 2147483647;
			files = (
				2DD7C9B821DFEFE8005FEDD5 /* LaunchScreen.storyboard in Resources */,
				2DD7C9B521DFEFE8005FEDD5 /* Assets.xcassets in Resources */,
				2DD7C9B321DFEFE7005FEDD5 /* Main.storyboard in Resources */,
			);
			runOnlyForDeploymentPostprocessing = 0;
		};
		2DD7C9BC21DFEFE8005FEDD5 /* Resources */ = {
			isa = PBXResourcesBuildPhase;
			buildActionMask = 2147483647;
			files = (
			);
			runOnlyForDeploymentPostprocessing = 0;
		};
		2DD7C9C721DFEFE8005FEDD5 /* Resources */ = {
			isa = PBXResourcesBuildPhase;
			buildActionMask = 2147483647;
			files = (
			);
			runOnlyForDeploymentPostprocessing = 0;
		};
/* End PBXResourcesBuildPhase section */

/* Begin PBXSourcesBuildPhase section */
		2DD7C9A621DFEFE6005FEDD5 /* Sources */ = {
			isa = PBXSourcesBuildPhase;
			buildActionMask = 2147483647;
			files = (
				2DD7C9B021DFEFE7005FEDD5 /* ViewController.swift in Sources */,
				2DD7C9AE21DFEFE7005FEDD5 /* AppDelegate.swift in Sources */,
			);
			runOnlyForDeploymentPostprocessing = 0;
		};
		2DD7C9BA21DFEFE8005FEDD5 /* Sources */ = {
			isa = PBXSourcesBuildPhase;
			buildActionMask = 2147483647;
			files = (
				2DD7C9C321DFEFE8005FEDD5 /* patternsTests.swift in Sources */,
			);
			runOnlyForDeploymentPostprocessing = 0;
		};
		2DD7C9C521DFEFE8005FEDD5 /* Sources */ = {
			isa = PBXSourcesBuildPhase;
			buildActionMask = 2147483647;
			files = (
				2DD7C9CE21DFEFE8005FEDD5 /* patternsUITests.swift in Sources */,
			);
			runOnlyForDeploymentPostprocessing = 0;
		};
/* End PBXSourcesBuildPhase section */

/* Begin PBXTargetDependency section */
		2DD7C9C021DFEFE8005FEDD5 /* PBXTargetDependency */ = {
			isa = PBXTargetDependency;
			target = 2DD7C9A921DFEFE6005FEDD5 /* patterns */;
			targetProxy = 2DD7C9BF21DFEFE8005FEDD5 /* PBXContainerItemProxy */;
		};
		2DD7C9CB21DFEFE8005FEDD5 /* PBXTargetDependency */ = {
			isa = PBXTargetDependency;
			target = 2DD7C9A921DFEFE6005FEDD5 /* patterns */;
			targetProxy = 2DD7C9CA21DFEFE8005FEDD5 /* PBXContainerItemProxy */;
		};
/* End PBXTargetDependency section */

/* Begin PBXVariantGroup section */
		2DD7C9B121DFEFE7005FEDD5 /* Main.storyboard */ = {
			isa = PBXVariantGroup;
			children = (
				2DD7C9B221DFEFE7005FEDD5 /* Base */,
			);
			name = Main.storyboard;
			sourceTree = "<group>";
		};
		2DD7C9B621DFEFE8005FEDD5 /* LaunchScreen.storyboard */ = {
			isa = PBXVariantGroup;
			children = (
				2DD7C9B721DFEFE8005FEDD5 /* Base */,
			);
			name = LaunchScreen.storyboard;
			sourceTree = "<group>";
		};
/* End PBXVariantGroup section */

/* Begin XCBuildConfiguration section */
		2DD7C9D021DFEFE8005FEDD5 /* Debug */ = {
			isa = XCBuildConfiguration;
			buildSettings = {
				ALWAYS_SEARCH_USER_PATHS = NO;
				CLANG_ANALYZER_NONNULL = YES;
				CLANG_ANALYZER_NUMBER_OBJECT_CONVERSION = YES_AGGRESSIVE;
				CLANG_CXX_LANGUAGE_STANDARD = "gnu++14";
				CLANG_CXX_LIBRARY = "libc++";
				CLANG_ENABLE_MODULES = YES;
				CLANG_ENABLE_OBJC_ARC = YES;
				CLANG_ENABLE_OBJC_WEAK = YES;
				CLANG_WARN_BLOCK_CAPTURE_AUTORELEASING = YES;
				CLANG_WARN_BOOL_CONVERSION = YES;
				CLANG_WARN_COMMA = YES;
				CLANG_WARN_CONSTANT_CONVERSION = YES;
				CLANG_WARN_DEPRECATED_OBJC_IMPLEMENTATIONS = YES;
				CLANG_WARN_DIRECT_OBJC_ISA_USAGE = YES_ERROR;
				CLANG_WARN_DOCUMENTATION_COMMENTS = YES;
				CLANG_WARN_EMPTY_BODY = YES;
				CLANG_WARN_ENUM_CONVERSION = YES;
				CLANG_WARN_INFINITE_RECURSION = YES;
				CLANG_WARN_INT_CONVERSION = YES;
				CLANG_WARN_NON_LITERAL_NULL_CONVERSION = YES;
				CLANG_WARN_OBJC_IMPLICIT_RETAIN_SELF = YES;
				CLANG_WARN_OBJC_LITERAL_CONVERSION = YES;
				CLANG_WARN_OBJC_ROOT_CLASS = YES_ERROR;
				CLANG_WARN_RANGE_LOOP_ANALYSIS = YES;
				CLANG_WARN_STRICT_PROTOTYPES = YES;
				CLANG_WARN_SUSPICIOUS_MOVE = YES;
				CLANG_WARN_UNGUARDED_AVAILABILITY = YES_AGGRESSIVE;
				CLANG_WARN_UNREACHABLE_CODE = YES;
				CLANG_WARN__DUPLICATE_METHOD_MATCH = YES;
				CODE_SIGN_IDENTITY = "iPhone Developer";
				COPY_PHASE_STRIP = NO;
				DEBUG_INFORMATION_FORMAT = dwarf;
				ENABLE_STRICT_OBJC_MSGSEND = YES;
				ENABLE_TESTABILITY = YES;
				GCC_C_LANGUAGE_STANDARD = gnu11;
				GCC_DYNAMIC_NO_PIC = NO;
				GCC_NO_COMMON_BLOCKS = YES;
				GCC_OPTIMIZATION_LEVEL = 0;
				GCC_PREPROCESSOR_DEFINITIONS = (
					"DEBUG=1",
					"$(inherited)",
				);
				GCC_WARN_64_TO_32_BIT_CONVERSION = YES;
				GCC_WARN_ABOUT_RETURN_TYPE = YES_ERROR;
				GCC_WARN_UNDECLARED_SELECTOR = YES;
				GCC_WARN_UNINITIALIZED_AUTOS = YES_AGGRESSIVE;
				GCC_WARN_UNUSED_FUNCTION = YES;
				GCC_WARN_UNUSED_VARIABLE = YES;
				IPHONEOS_DEPLOYMENT_TARGET = 12.1;
				MTL_ENABLE_DEBUG_INFO = INCLUDE_SOURCE;
				MTL_FAST_MATH = YES;
				ONLY_ACTIVE_ARCH = YES;
				SDKROOT = iphoneos;
				SWIFT_ACTIVE_COMPILATION_CONDITIONS = DEBUG;
				SWIFT_OPTIMIZATION_LEVEL = "-Onone";
			};
			name = Debug;
		};
		2DD7C9D121DFEFE8005FEDD5 /* Release */ = {
			isa = XCBuildConfiguration;
			buildSettings = {
				ALWAYS_SEARCH_USER_PATHS = NO;
				CLANG_ANALYZER_NONNULL = YES;
				CLANG_ANALYZER_NUMBER_OBJECT_CONVERSION = YES_AGGRESSIVE;
				CLANG_CXX_LANGUAGE_STANDARD = "gnu++14";
				CLANG_CXX_LIBRARY = "libc++";
				CLANG_ENABLE_MODULES = YES;
				CLANG_ENABLE_OBJC_ARC = YES;
				CLANG_ENABLE_OBJC_WEAK = YES;
				CLANG_WARN_BLOCK_CAPTURE_AUTORELEASING = YES;
				CLANG_WARN_BOOL_CONVERSION = YES;
				CLANG_WARN_COMMA = YES;
				CLANG_WARN_CONSTANT_CONVERSION = YES;
				CLANG_WARN_DEPRECATED_OBJC_IMPLEMENTATIONS = YES;
				CLANG_WARN_DIRECT_OBJC_ISA_USAGE = YES_ERROR;
				CLANG_WARN_DOCUMENTATION_COMMENTS = YES;
				CLANG_WARN_EMPTY_BODY = YES;
				CLANG_WARN_ENUM_CONVERSION = YES;
				CLANG_WARN_INFINITE_RECURSION = YES;
				CLANG_WARN_INT_CONVERSION = YES;
				CLANG_WARN_NON_LITERAL_NULL_CONVERSION = YES;
				CLANG_WARN_OBJC_IMPLICIT_RETAIN_SELF = YES;
				CLANG_WARN_OBJC_LITERAL_CONVERSION = YES;
				CLANG_WARN_OBJC_ROOT_CLASS = YES_ERROR;
				CLANG_WARN_RANGE_LOOP_ANALYSIS = YES;
				CLANG_WARN_STRICT_PROTOTYPES = YES;
				CLANG_WARN_SUSPICIOUS_MOVE = YES;
				CLANG_WARN_UNGUARDED_AVAILABILITY = YES_AGGRESSIVE;
				CLANG_WARN_UNREACHABLE_CODE = YES;
				CLANG_WARN__DUPLICATE_METHOD_MATCH = YES;
				CODE_SIGN_IDENTITY = "iPhone Developer";
				COPY_PHASE_STRIP = NO;
				DEBUG_INFORMATION_FORMAT = "dwarf-with-dsym";
				ENABLE_NS_ASSERTIONS = NO;
				ENABLE_STRICT_OBJC_MSGSEND = YES;
				GCC_C_LANGUAGE_STANDARD = gnu11;
				GCC_NO_COMMON_BLOCKS = YES;
				GCC_WARN_64_TO_32_BIT_CONVERSION = YES;
				GCC_WARN_ABOUT_RETURN_TYPE = YES_ERROR;
				GCC_WARN_UNDECLARED_SELECTOR = YES;
				GCC_WARN_UNINITIALIZED_AUTOS = YES_AGGRESSIVE;
				GCC_WARN_UNUSED_FUNCTION = YES;
				GCC_WARN_UNUSED_VARIABLE = YES;
				IPHONEOS_DEPLOYMENT_TARGET = 12.1;
				MTL_ENABLE_DEBUG_INFO = NO;
				MTL_FAST_MATH = YES;
				SDKROOT = iphoneos;
				SWIFT_COMPILATION_MODE = wholemodule;
				SWIFT_OPTIMIZATION_LEVEL = "-O";
				VALIDATE_PRODUCT = YES;
			};
			name = Release;
		};
		2DD7C9D321DFEFE8005FEDD5 /* Debug */ = {
			isa = XCBuildConfiguration;
			buildSettings = {
				ASSETCATALOG_COMPILER_APPICON_NAME = AppIcon;
				CODE_SIGN_STYLE = Automatic;
				INFOPLIST_FILE = patterns/Info.plist;
				LD_RUNPATH_SEARCH_PATHS = (
					"$(inherited)",
					"@executable_path/Frameworks",
				);
				PRODUCT_BUNDLE_IDENTIFIER = home.patterns;
				PRODUCT_NAME = "$(TARGET_NAME)";
				SWIFT_VERSION = 4.2;
				TARGETED_DEVICE_FAMILY = "1,2";
			};
			name = Debug;
		};
		2DD7C9D421DFEFE8005FEDD5 /* Release */ = {
			isa = XCBuildConfiguration;
			buildSettings = {
				ASSETCATALOG_COMPILER_APPICON_NAME = AppIcon;
				CODE_SIGN_STYLE = Automatic;
				INFOPLIST_FILE = patterns/Info.plist;
				LD_RUNPATH_SEARCH_PATHS = (
					"$(inherited)",
					"@executable_path/Frameworks",
				);
				PRODUCT_BUNDLE_IDENTIFIER = home.patterns;
				PRODUCT_NAME = "$(TARGET_NAME)";
				SWIFT_VERSION = 4.2;
				TARGETED_DEVICE_FAMILY = "1,2";
			};
			name = Release;
		};
		2DD7C9D621DFEFE8005FEDD5 /* Debug */ = {
			isa = XCBuildConfiguration;
			buildSettings = {
				ALWAYS_EMBED_SWIFT_STANDARD_LIBRARIES = YES;
				BUNDLE_LOADER = "$(TEST_HOST)";
				CODE_SIGN_STYLE = Automatic;
				INFOPLIST_FILE = patternsTests/Info.plist;
				LD_RUNPATH_SEARCH_PATHS = (
					"$(inherited)",
					"@executable_path/Frameworks",
					"@loader_path/Frameworks",
				);
				PRODUCT_BUNDLE_IDENTIFIER = home.patternsTests;
				PRODUCT_NAME = "$(TARGET_NAME)";
				SWIFT_VERSION = 4.2;
				TARGETED_DEVICE_FAMILY = "1,2";
				TEST_HOST = "$(BUILT_PRODUCTS_DIR)/patterns.app/patterns";
			};
			name = Debug;
		};
		2DD7C9D721DFEFE8005FEDD5 /* Release */ = {
			isa = XCBuildConfiguration;
			buildSettings = {
				ALWAYS_EMBED_SWIFT_STANDARD_LIBRARIES = YES;
				BUNDLE_LOADER = "$(TEST_HOST)";
				CODE_SIGN_STYLE = Automatic;
				INFOPLIST_FILE = patternsTests/Info.plist;
				LD_RUNPATH_SEARCH_PATHS = (
					"$(inherited)",
					"@executable_path/Frameworks",
					"@loader_path/Frameworks",
				);
				PRODUCT_BUNDLE_IDENTIFIER = home.patternsTests;
				PRODUCT_NAME = "$(TARGET_NAME)";
				SWIFT_VERSION = 4.2;
				TARGETED_DEVICE_FAMILY = "1,2";
				TEST_HOST = "$(BUILT_PRODUCTS_DIR)/patterns.app/patterns";
			};
			name = Release;
		};
		2DD7C9D921DFEFE8005FEDD5 /* Debug */ = {
			isa = XCBuildConfiguration;
			buildSettings = {
				ALWAYS_EMBED_SWIFT_STANDARD_LIBRARIES = YES;
				CODE_SIGN_STYLE = Automatic;
				INFOPLIST_FILE = patternsUITests/Info.plist;
				LD_RUNPATH_SEARCH_PATHS = (
					"$(inherited)",
					"@executable_path/Frameworks",
					"@loader_path/Frameworks",
				);
				PRODUCT_BUNDLE_IDENTIFIER = home.patternsUITests;
				PRODUCT_NAME = "$(TARGET_NAME)";
				SWIFT_VERSION = 4.2;
				TARGETED_DEVICE_FAMILY = "1,2";
				TEST_TARGET_NAME = patterns;
			};
			name = Debug;
		};
		2DD7C9DA21DFEFE8005FEDD5 /* Release */ = {
			isa = XCBuildConfiguration;
			buildSettings = {
				ALWAYS_EMBED_SWIFT_STANDARD_LIBRARIES = YES;
				CODE_SIGN_STYLE = Automatic;
				INFOPLIST_FILE = patternsUITests/Info.plist;
				LD_RUNPATH_SEARCH_PATHS = (
					"$(inherited)",
					"@executable_path/Frameworks",
					"@loader_path/Frameworks",
				);
				PRODUCT_BUNDLE_IDENTIFIER = home.patternsUITests;
				PRODUCT_NAME = "$(TARGET_NAME)";
				SWIFT_VERSION = 4.2;
				TARGETED_DEVICE_FAMILY = "1,2";
				TEST_TARGET_NAME = patterns;
			};
			name = Release;
		};
/* End XCBuildConfiguration section */

/* Begin XCConfigurationList section */
		2DD7C9A521DFEFE6005FEDD5 /* Build configuration list for PBXProject "patterns" */ = {
			isa = XCConfigurationList;
			buildConfigurations = (
				2DD7C9D021DFEFE8005FEDD5 /* Debug */,
				2DD7C9D121DFEFE8005FEDD5 /* Release */,
			);
			defaultConfigurationIsVisible = 0;
			defaultConfigurationName = Release;
		};
		2DD7C9D221DFEFE8005FEDD5 /* Build configuration list for PBXNativeTarget "patterns" */ = {
			isa = XCConfigurationList;
			buildConfigurations = (
				2DD7C9D321DFEFE8005FEDD5 /* Debug */,
				2DD7C9D421DFEFE8005FEDD5 /* Release */,
			);
			defaultConfigurationIsVisible = 0;
			defaultConfigurationName = Release;
		};
		2DD7C9D521DFEFE8005FEDD5 /* Build configuration list for PBXNativeTarget "patternsTests" */ = {
			isa = XCConfigurationList;
			buildConfigurations = (
				2DD7C9D621DFEFE8005FEDD5 /* Debug */,
				2DD7C9D721DFEFE8005FEDD5 /* Release */,
			);
			defaultConfigurationIsVisible = 0;
			defaultConfigurationName = Release;
		};
		2DD7C9D821DFEFE8005FEDD5 /* Build configuration list for PBXNativeTarget "patternsUITests" */ = {
			isa = XCConfigurationList;
			buildConfigurations = (
				2DD7C9D921DFEFE8005FEDD5 /* Debug */,
				2DD7C9DA21DFEFE8005FEDD5 /* Release */,
			);
			defaultConfigurationIsVisible = 0;
			defaultConfigurationName = Release;
		};
/* End XCConfigurationList section */
	};
	rootObject = 2DD7C9A221DFEFE6005FEDD5 /* Project object */;
}
